{
  "name": "day1",
  "version": "1.0.0",
  "lockfileVersion": 1,
  "requires": true,
  "dependencies": {
    "cheerio": {
      "version": "0.20.0",
      "resolved": "https://registry.npmjs.org/cheerio/-/cheerio-0.20.0.tgz",
      "integrity": "sha1-XHEPK6uVZTJyhCugHG6mGzVF7DU=",
      "requires": {
        "css-select": "~1.2.0",
        "dom-serializer": "~0.1.0",
        "entities": "~1.1.1",
        "htmlparser2": "~3.8.1",
        "jsdom": "^7.0.2",
        "lodash": "^4.1.0"
      },
      "dependencies": {
        "abab": {
          "version": "1.0.4",
          "resolved": "https://registry.npmjs.org/abab/-/abab-1.0.4.tgz",
          "integrity": "sha1-X6rZwsB/YN12dw9xzwJbYqY8/U4=",
          "optional": true
        },
        "acorn": {
          "version": "2.7.0",
          "resolved": "https://registry.npmjs.org/acorn/-/acorn-2.7.0.tgz",
          "integrity": "sha1-q259nYhqrKiwhbwzEreaGYQz8Oc=",
          "optional": true
        },
        "acorn-globals": {
          "version": "1.0.9",
          "resolved": "https://registry.npmjs.org/acorn-globals/-/acorn-globals-1.0.9.tgz",
          "integrity": "sha1-VbtemGkVB7dFedBRNBMhfDgMVM8=",
          "optional": true,
          "requires": {
            "acorn": "^2.1.0"
          }
        },
        "boolbase": {
          "version": "1.0.0",
          "resolved": "https://registry.npmjs.org/boolbase/-/boolbase-1.0.0.tgz",
          "integrity": "sha1-aN/1++YMUes3cl6p4+0xDcwed24="
        },
        "css-select": {
          "version": "1.2.0",
          "resolved": "https://registry.npmjs.org/css-select/-/css-select-1.2.0.tgz",
          "integrity": "sha1-KzoRBTnFNV8c2NMUYj6HCxIeyFg=",
          "requires": {
            "boolbase": "~1.0.0",
            "css-what": "2.1",
            "domutils": "1.5.1",
            "nth-check": "~1.0.1"
          }
        },
        "css-what": {
          "version": "2.1.3",
          "resolved": "https://registry.npmjs.org/css-what/-/css-what-2.1.3.tgz",
          "integrity": "sha512-a+EPoD+uZiNfh+5fxw2nO9QwFa6nJe2Or35fGY6Ipw1R3R4AGz1d1TEZrCegvw2YTmZ0jXirGYlzxxpYSHwpEg=="
        },
        "cssom": {
          "version": "0.3.8",
          "resolved": "https://registry.npmjs.org/cssom/-/cssom-0.3.8.tgz",
          "integrity": "sha512-b0tGHbfegbhPJpxpiBPU2sCkigAqtM9O121le6bbOlgyV+NyGyCmVfJ6QW9eRjz8CpNfWEOYBIMIGRYkLwsIYg==",
          "optional": true
        },
        "cssstyle": {
          "version": "0.2.37",
          "resolved": "https://registry.npmjs.org/cssstyle/-/cssstyle-0.2.37.tgz",
          "integrity": "sha1-VBCXI0yyUTyDzu06zdwn/yeYfVQ=",
          "optional": true,
          "requires": {
            "cssom": "0.3.x"
          }
        },
        "deep-is": {
          "version": "0.1.3",
          "resolved": "https://registry.npmjs.org/deep-is/-/deep-is-0.1.3.tgz",
          "integrity": "sha1-s2nW+128E+7PUk+RsHD+7cNXzzQ=",
          "optional": true
        },
        "dom-serializer": {
          "version": "0.1.1",
          "resolved": "https://registry.npmjs.org/dom-serializer/-/dom-serializer-0.1.1.tgz",
          "integrity": "sha512-l0IU0pPzLWSHBcieZbpOKgkIn3ts3vAh7ZuFyXNwJxJXk/c4Gwj9xaTJwIDVQCXawWD0qb3IzMGH5rglQaO0XA==",
          "requires": {
            "domelementtype": "^1.3.0",
            "entities": "^1.1.1"
          }
        },
        "domelementtype": {
          "version": "1.3.1",
          "resolved": "https://registry.npmjs.org/domelementtype/-/domelementtype-1.3.1.tgz",
          "integrity": "sha512-BSKB+TSpMpFI/HOxCNr1O8aMOTZ8hT3pM3GQ0w/mWRmkhEDSFJkkyzz4XQsBV44BChwGkrDfMyjVD0eA2aFV3w=="
        },
        "domhandler": {
          "version": "2.3.0",
          "resolved": "https://registry.npmjs.org/domhandler/-/domhandler-2.3.0.tgz",
          "integrity": "sha1-LeWaCCLVAn+r/28DLCsloqir5zg=",
          "requires": {
            "domelementtype": "1"
          }
        },
        "domutils": {
          "version": "1.5.1",
          "resolved": "https://registry.npmjs.org/domutils/-/domutils-1.5.1.tgz",
          "integrity": "sha1-3NhIiib1Y9YQeeSMn3t+Mjc2gs8=",
          "requires": {
            "dom-serializer": "0",
            "domelementtype": "1"
          }
        },
        "entities": {
          "version": "1.1.2",
          "resolved": "https://registry.npmjs.org/entities/-/entities-1.1.2.tgz",
          "integrity": "sha512-f2LZMYl1Fzu7YSBKg+RoROelpOaNrcGmE9AZubeDfrCEia483oW4MI4VyFd5VNHIgQ/7qm1I0wUHK1eJnn2y2w=="
        },
        "escodegen": {
          "version": "1.12.0",
          "resolved": "https://registry.npmjs.org/escodegen/-/escodegen-1.12.0.tgz",
          "integrity": "sha512-TuA+EhsanGcme5T3R0L80u4t8CpbXQjegRmf7+FPTJrtCTErXFeelblRgHQa1FofEzqYYJmJ/OqjTwREp9qgmg==",
          "optional": true,
          "requires": {
            "esprima": "^3.1.3",
            "estraverse": "^4.2.0",
            "esutils": "^2.0.2",
            "optionator": "^0.8.1",
            "source-map": "~0.6.1"
          }
        },
        "esprima": {
          "version": "3.1.3",
          "resolved": "https://registry.npmjs.org/esprima/-/esprima-3.1.3.tgz",
          "integrity": "sha1-/cpRzuYTOJXjyI1TXOSdv/YqRjM=",
          "optional": true
        },
        "estraverse": {
          "version": "4.3.0",
          "resolved": "https://registry.npmjs.org/estraverse/-/estraverse-4.3.0.tgz",
          "integrity": "sha512-39nnKffWz8xN1BU/2c79n9nB9HDzo0niYUqx6xyqUnyoAnQyyWpOTdZEeiCch8BBu515t4wp9ZmgVfVhn9EBpw==",
          "optional": true
        },
        "esutils": {
          "version": "2.0.3",
          "resolved": "https://registry.npmjs.org/esutils/-/esutils-2.0.3.tgz",
          "integrity": "sha512-kVscqXk4OCp68SZ0dkgEKVi6/8ij300KBWTJq32P/dYeWTSwK41WyTxalN1eRmA5Z9UU/LX9D7FWSmV9SAYx6g==",
          "optional": true
        },
        "fast-levenshtein": {
          "version": "2.0.6",
          "resolved": "https://registry.npmjs.org/fast-levenshtein/-/fast-levenshtein-2.0.6.tgz",
          "integrity": "sha1-PYpcZog6FqMMqGQ+hR8Zuqd5eRc=",
          "optional": true
        },
        "htmlparser2": {
          "version": "3.8.3",
          "resolved": "https://registry.npmjs.org/htmlparser2/-/htmlparser2-3.8.3.tgz",
          "integrity": "sha1-mWwosZFRaovoZQGn15dX5ccMEGg=",
          "requires": {
            "domelementtype": "1",
            "domhandler": "2.3",
            "domutils": "1.5",
            "entities": "1.0",
            "readable-stream": "1.1"
          },
          "dependencies": {
            "entities": {
              "version": "1.0.0",
              "resolved": "https://registry.npmjs.org/entities/-/entities-1.0.0.tgz",
              "integrity": "sha1-sph6o4ITR/zeZCsk/fyeT7cSvyY="
            }
          }
        },
        "jsdom": {
          "version": "7.2.2",
          "resolved": "https://registry.npmjs.org/jsdom/-/jsdom-7.2.2.tgz",
          "integrity": "sha1-QLQCdwwr2iNGkJa+6Rq2deOx/G4=",
          "optional": true,
          "requires": {
            "abab": "^1.0.0",
            "acorn": "^2.4.0",
            "acorn-globals": "^1.0.4",
            "cssom": ">= 0.3.0 < 0.4.0",
            "cssstyle": ">= 0.2.29 < 0.3.0",
            "escodegen": "^1.6.1",
            "nwmatcher": ">= 1.3.7 < 2.0.0",
            "parse5": "^1.5.1",
            "request": "^2.55.0",
            "sax": "^1.1.4",
            "symbol-tree": ">= 3.1.0 < 4.0.0",
            "tough-cookie": "^2.2.0",
            "webidl-conversions": "^2.0.0",
            "whatwg-url-compat": "~0.6.5",
            "xml-name-validator": ">= 2.0.1 < 3.0.0"
          }
        },
        "levn": {
          "version": "0.3.0",
          "resolved": "https://registry.npmjs.org/levn/-/levn-0.3.0.tgz",
          "integrity": "sha1-OwmSTt+fCDwEkP3UwLxEIeBHZO4=",
          "optional": true,
          "requires": {
            "prelude-ls": "~1.1.2",
            "type-check": "~0.3.2"
          }
        },
        "lodash": {
          "version": "4.17.15",
          "resolved": "https://registry.npmjs.org/lodash/-/lodash-4.17.15.tgz",
          "integrity": "sha512-8xOcRHvCjnocdS5cpwXQXVzmmh5e5+saE2QGoeQmbKmRS6J3VQppPOIt0MnmE+4xlZoumy0GPG0D0MVIQbNA1A=="
        },
        "nth-check": {
          "version": "1.0.2",
          "resolved": "https://registry.npmjs.org/nth-check/-/nth-check-1.0.2.tgz",
          "integrity": "sha512-WeBOdju8SnzPN5vTUJYxYUxLeXpCaVP5i5e0LF8fg7WORF2Wd7wFX/pk0tYZk7s8T+J7VLy0Da6J1+wCT0AtHg==",
          "requires": {
            "boolbase": "~1.0.0"
          }
        },
        "nwmatcher": {
          "version": "1.4.4",
          "resolved": "https://registry.npmjs.org/nwmatcher/-/nwmatcher-1.4.4.tgz",
          "integrity": "sha512-3iuY4N5dhgMpCUrOVnuAdGrgxVqV2cJpM+XNccjR2DKOB1RUP0aA+wGXEiNziG/UKboFyGBIoKOaNlJxx8bciQ==",
          "optional": true
        },
        "optionator": {
          "version": "0.8.2",
          "resolved": "https://registry.npmjs.org/optionator/-/optionator-0.8.2.tgz",
          "integrity": "sha1-NkxeQJ0/TWMB1sC0wFu6UBgK62Q=",
          "optional": true,
          "requires": {
            "deep-is": "~0.1.3",
            "fast-levenshtein": "~2.0.4",
            "levn": "~0.3.0",
            "prelude-ls": "~1.1.2",
            "type-check": "~0.3.2",
            "wordwrap": "~1.0.0"
          }
        },
        "parse5": {
          "version": "1.5.1",
          "resolved": "https://registry.npmjs.org/parse5/-/parse5-1.5.1.tgz",
          "integrity": "sha1-m387DeMr543CQBsXVzzK8Pb1nZQ=",
          "optional": true
        },
        "prelude-ls": {
          "version": "1.1.2",
          "resolved": "https://registry.npmjs.org/prelude-ls/-/prelude-ls-1.1.2.tgz",
          "integrity": "sha1-IZMqVJ9eUv/ZqCf1cOBL5iqX2lQ=",
          "optional": true
        },
        "sax": {
          "version": "1.2.4",
          "resolved": "https://registry.npmjs.org/sax/-/sax-1.2.4.tgz",
          "integrity": "sha512-NqVDv9TpANUjFm0N8uM5GxL36UgKi9/atZw+x7YFnQ8ckwFGKrl4xX4yWtrey3UJm5nP1kUbnYgLopqWNSRhWw==",
          "optional": true
        },
        "source-map": {
          "version": "0.6.1",
          "resolved": "https://registry.npmjs.org/source-map/-/source-map-0.6.1.tgz",
          "integrity": "sha512-UjgapumWlbMhkBgzT7Ykc5YXUT46F0iKu8SGXq0bcwP5dz/h0Plj6enJqjz1Zbq2l5WaqYnrVbwWOWMyF3F47g==",
          "optional": true
        },
        "symbol-tree": {
          "version": "3.2.4",
          "resolved": "https://registry.npmjs.org/symbol-tree/-/symbol-tree-3.2.4.tgz",
          "integrity": "sha512-9QNk5KwDF+Bvz+PyObkmSYjI5ksVUYtjW7AU22r2NKcfLJcXp96hkDWU3+XndOsUb+AQ9QhfzfCT2O+CNWT5Tw==",
          "optional": true
        },
        "tr46": {
          "version": "0.0.3",
          "resolved": "https://registry.npmjs.org/tr46/-/tr46-0.0.3.tgz",
          "integrity": "sha1-gYT9NH2snNwYWZLzpmIuFLnZq2o=",
          "optional": true
        },
        "type-check": {
          "version": "0.3.2",
          "resolved": "https://registry.npmjs.org/type-check/-/type-check-0.3.2.tgz",
          "integrity": "sha1-WITKtRLPHTVeP7eE8wgEsrUg23I=",
          "optional": true,
          "requires": {
            "prelude-ls": "~1.1.2"
          }
        },
        "webidl-conversions": {
          "version": "2.0.1",
          "resolved": "https://registry.npmjs.org/webidl-conversions/-/webidl-conversions-2.0.1.tgz",
          "integrity": "sha1-O/glj30xjHRDw28uFpQCoaZwNQY=",
          "optional": true
        },
        "whatwg-url-compat": {
          "version": "0.6.5",
          "resolved": "https://registry.npmjs.org/whatwg-url-compat/-/whatwg-url-compat-0.6.5.tgz",
          "integrity": "sha1-AImBEa9om7CXVBzVpFymyHmERb8=",
          "optional": true,
          "requires": {
            "tr46": "~0.0.1"
          }
        },
        "wordwrap": {
          "version": "1.0.0",
          "resolved": "https://registry.npmjs.org/wordwrap/-/wordwrap-1.0.0.tgz",
          "integrity": "sha1-J1hIEIkUVqQXHI0CJkQa3pDLyus=",
          "optional": true
        },
        "xml-name-validator": {
          "version": "2.0.1",
          "resolved": "https://registry.npmjs.org/xml-name-validator/-/xml-name-validator-2.0.1.tgz",
          "integrity": "sha1-TYuPHszTQZqjYgYb7O9RXh5VljU=",
          "optional": true
        }
      }
    },
    "core-util-is": {
      "version": "1.0.2",
      "resolved": "https://registry.npmjs.org/core-util-is/-/core-util-is-1.0.2.tgz",
      "integrity": "sha1-tf1UIgqivFq1eqtxQMlAdUUDwac="
    },
    "inherits": {
      "version": "2.0.4",
      "resolved": "https://registry.npmjs.org/inherits/-/inherits-2.0.4.tgz",
      "integrity": "sha512-k/vGaX4/Yla3WzyMCvTQOXYeIHvqOKtnqBduzTHpzpQZzAskKMhZ2K+EnBiSM9zGSoIFeMpXKxa4dYeZIQqewQ=="
    },
    "isarray": {
      "version": "0.0.1",
      "resolved": "https://registry.npmjs.org/isarray/-/isarray-0.0.1.tgz",
      "integrity": "sha1-ihis/Kmo9Bd+Cav8YDiTmwXR7t8="
    },
    "psl": {
      "version": "1.4.0",
      "resolved": "https://registry.npmjs.org/psl/-/psl-1.4.0.tgz",
      "integrity": "sha512-HZzqCGPecFLyoRj5HLfuDSKYTJkAfB5thKBIkRHtGjWwY7p1dAyveIbXIq4tO0KYfDF2tHqPUgY9SDnGm00uFw==",
      "optional": true
    },
    "readable-stream": {
      "version": "1.1.14",
      "resolved": "https://registry.npmjs.org/readable-stream/-/readable-stream-1.1.14.tgz",
      "integrity": "sha1-fPTFTvZI44EwhMY23SB54WbAgdk=",
      "requires": {
        "core-util-is": "~1.0.0",
        "inherits": "~2.0.1",
        "isarray": "0.0.1",
        "string_decoder": "~0.10.x"
      }
    },
    "request": {
      "version": "2.88.0",
      "resolved": "https://registry.npm.taobao.org/request/download/request-2.88.0.tgz?cache=0&other_urls=https%3A%2F%2Fregistry.npm.taobao.org%2Frequest%2Fdownload%2Frequest-2.88.0.tgz",
      "optional": true,
      "requires": {
        "aws-sign2": "~0.7.0",
        "aws4": "^1.8.0",
        "caseless": "~0.12.0",
        "combined-stream": "~1.0.6",
        "extend": "~3.0.2",
        "forever-agent": "~0.6.1",
        "form-data": "~2.3.2",
        "har-validator": "~5.1.0",
        "http-signature": "~1.2.0",
        "is-typedarray": "~1.0.0",
        "isstream": "~0.1.2",
        "json-stringify-safe": "~5.0.1",
        "mime-types": "~2.1.19",
        "oauth-sign": "~0.9.0",
        "performance-now": "^2.1.0",
        "qs": "~6.5.2",
        "safe-buffer": "^5.1.2",
        "tough-cookie": "~2.4.3",
        "tunnel-agent": "^0.6.0",
        "uuid": "^3.3.2"
      },
      "dependencies": {
        "aws-sign2": {
          "version": "0.7.0",
          "resolved": "https://registry.npm.taobao.org/aws-sign2/download/aws-sign2-0.7.0.tgz",
          "optional": true
        },
        "aws4": {
          "version": "1.8.0",
          "resolved": "https://registry.npm.taobao.org/aws4/download/aws4-1.8.0.tgz",
          "optional": true
        },
        "caseless": {
          "version": "0.12.0",
          "resolved": "https://registry.npm.taobao.org/caseless/download/caseless-0.12.0.tgz",
          "optional": true
        },
        "combined-stream": {
          "version": "1.0.8",
          "resolved": "https://registry.npm.taobao.org/combined-stream/download/combined-stream-1.0.8.tgz",
          "optional": true,
          "requires": {
            "delayed-stream": "~1.0.0"
          },
          "dependencies": {
            "delayed-stream": {
              "version": "1.0.0",
              "resolved": "https://registry.npm.taobao.org/delayed-stream/download/delayed-stream-1.0.0.tgz",
              "optional": true
            }
          }
        },
        "extend": {
          "version": "3.0.2",
          "resolved": "https://registry.npm.taobao.org/extend/download/extend-3.0.2.tgz",
          "optional": true
        },
        "forever-agent": {
          "version": "0.6.1",
          "resolved": "https://registry.npm.taobao.org/forever-agent/download/forever-agent-0.6.1.tgz",
          "optional": true
        },
        "form-data": {
          "version": "2.3.3",
          "resolved": "https://registry.npm.taobao.org/form-data/download/form-data-2.3.3.tgz",
          "optional": true,
          "requires": {
            "asynckit": "^0.4.0",
            "combined-stream": "^1.0.6",
            "mime-types": "^2.1.12"
          },
          "dependencies": {
            "asynckit": {
              "version": "0.4.0",
              "resolved": "https://registry.npm.taobao.org/asynckit/download/asynckit-0.4.0.tgz",
              "optional": true
            },
            "combined-stream": {
              "version": "1.0.8",
              "resolved": "https://registry.npm.taobao.org/combined-stream/download/combined-stream-1.0.8.tgz",
              "optional": true,
              "requires": {
                "delayed-stream": "~1.0.0"
              },
              "dependencies": {
                "delayed-stream": {
                  "version": "1.0.0",
                  "resolved": "https://registry.npm.taobao.org/delayed-stream/download/delayed-stream-1.0.0.tgz",
                  "optional": true
                }
              }
            },
            "mime-types": {
              "version": "2.1.24",
              "resolved": "https://registry.npm.taobao.org/mime-types/download/mime-types-2.1.24.tgz",
              "optional": true,
              "requires": {
                "mime-db": "1.40.0"
              },
              "dependencies": {
                "mime-db": {
                  "version": "1.40.0",
                  "resolved": "https://registry.npm.taobao.org/mime-db/download/mime-db-1.40.0.tgz",
                  "optional": true
                }
              }
            }
          }
        },
        "har-validator": {
          "version": "5.1.3",
          "resolved": "https://registry.npm.taobao.org/har-validator/download/har-validator-5.1.3.tgz",
          "optional": true,
          "requires": {
            "ajv": "^6.5.5",
            "har-schema": "^2.0.0"
          },
          "dependencies": {
            "ajv": {
              "version": "6.10.2",
              "resolved": "https://registry.npm.taobao.org/ajv/download/ajv-6.10.2.tgz",
              "optional": true,
              "requires": {
                "fast-deep-equal": "^2.0.1",
                "fast-json-stable-stringify": "^2.0.0",
                "json-schema-traverse": "^0.4.1",
                "uri-js": "^4.2.2"
              },
              "dependencies": {
                "fast-deep-equal": {
                  "version": "2.0.1",
                  "resolved": "https://registry.npm.taobao.org/fast-deep-equal/download/fast-deep-equal-2.0.1.tgz?cache=0&other_urls=https%3A%2F%2Fregistry.npm.taobao.org%2Ffast-deep-equal%2Fdownload%2Ffast-deep-equal-2.0.1.tgz",
                  "optional": true
                },
                "fast-json-stable-stringify": {
                  "version": "2.0.0",
                  "resolved": "https://registry.npm.taobao.org/fast-json-stable-stringify/download/fast-json-stable-stringify-2.0.0.tgz",
                  "optional": true
                },
                "json-schema-traverse": {
                  "version": "0.4.1",
                  "resolved": "https://registry.npm.taobao.org/json-schema-traverse/download/json-schema-traverse-0.4.1.tgz",
                  "optional": true
                },
                "uri-js": {
                  "version": "4.2.2",
                  "resolved": "https://registry.npm.taobao.org/uri-js/download/uri-js-4.2.2.tgz",
                  "optional": true,
                  "requires": {
                    "punycode": "^2.1.0"
                  },
                  "dependencies": {
                    "punycode": {
                      "version": "2.1.1",
                      "resolved": "https://registry.npm.taobao.org/punycode/download/punycode-2.1.1.tgz",
                      "optional": true
                    }
                  }
                }
              }
            },
            "har-schema": {
              "version": "2.0.0",
              "resolved": "https://registry.npm.taobao.org/har-schema/download/har-schema-2.0.0.tgz",
              "optional": true
            }
          }
        },
        "http-signature": {
          "version": "1.2.0",
          "resolved": "https://registry.npm.taobao.org/http-signature/download/http-signature-1.2.0.tgz",
          "optional": true,
          "requires": {
            "assert-plus": "^1.0.0",
            "jsprim": "^1.2.2",
            "sshpk": "^1.7.0"
          },
          "dependencies": {
            "assert-plus": {
              "version": "1.0.0",
              "resolved": "https://registry.npm.taobao.org/assert-plus/download/assert-plus-1.0.0.tgz",
              "optional": true
            },
            "jsprim": {
              "version": "1.4.1",
              "resolved": "https://registry.npm.taobao.org/jsprim/download/jsprim-1.4.1.tgz",
              "optional": true,
              "requires": {
                "assert-plus": "1.0.0",
                "extsprintf": "1.3.0",
                "json-schema": "0.2.3",
                "verror": "1.10.0"
              },
              "dependencies": {
                "assert-plus": {
                  "version": "1.0.0",
                  "resolved": "https://registry.npm.taobao.org/assert-plus/download/assert-plus-1.0.0.tgz",
                  "optional": true
                },
                "extsprintf": {
                  "version": "1.3.0",
                  "resolved": "https://registry.npm.taobao.org/extsprintf/download/extsprintf-1.3.0.tgz",
                  "optional": true
                },
                "json-schema": {
                  "version": "0.2.3",
                  "resolved": "https://registry.npm.taobao.org/json-schema/download/json-schema-0.2.3.tgz",
                  "optional": true
                },
                "verror": {
                  "version": "1.10.0",
                  "resolved": "https://registry.npm.taobao.org/verror/download/verror-1.10.0.tgz",
                  "optional": true,
                  "requires": {
                    "assert-plus": "^1.0.0",
                    "core-util-is": "1.0.2",
                    "extsprintf": "^1.2.0"
                  },
                  "dependencies": {
                    "assert-plus": {
                      "version": "1.0.0",
                      "resolved": "https://registry.npm.taobao.org/assert-plus/download/assert-plus-1.0.0.tgz",
                      "optional": true
                    },
                    "core-util-is": {
                      "version": "1.0.2",
                      "resolved": "https://registry.npm.taobao.org/core-util-is/download/core-util-is-1.0.2.tgz",
                      "optional": true
                    },
                    "extsprintf": {
                      "version": "1.4.0",
                      "resolved": "https://registry.npm.taobao.org/extsprintf/download/extsprintf-1.4.0.tgz",
                      "optional": true
                    }
                  }
                }
              }
            },
            "sshpk": {
              "version": "1.16.1",
              "resolved": "https://registry.npm.taobao.org/sshpk/download/sshpk-1.16.1.tgz",
              "optional": true,
              "requires": {
                "asn1": "~0.2.3",
                "assert-plus": "^1.0.0",
                "bcrypt-pbkdf": "^1.0.0",
                "dashdash": "^1.12.0",
                "ecc-jsbn": "~0.1.1",
                "getpass": "^0.1.1",
                "jsbn": "~0.1.0",
                "safer-buffer": "^2.0.2",
                "tweetnacl": "~0.14.0"
              },
              "dependencies": {
                "asn1": {
                  "version": "0.2.4",
                  "resolved": "https://registry.npm.taobao.org/asn1/download/asn1-0.2.4.tgz",
                  "optional": true,
                  "requires": {
                    "safer-buffer": "~2.1.0"
                  },
                  "dependencies": {
                    "safer-buffer": {
                      "version": "2.1.2",
                      "resolved": "https://registry.npm.taobao.org/safer-buffer/download/safer-buffer-2.1.2.tgz",
                      "optional": true
                    }
                  }
                },
                "assert-plus": {
                  "version": "1.0.0",
                  "resolved": "https://registry.npm.taobao.org/assert-plus/download/assert-plus-1.0.0.tgz",
                  "optional": true
                },
                "bcrypt-pbkdf": {
                  "version": "1.0.2",
                  "resolved": "https://registry.npm.taobao.org/bcrypt-pbkdf/download/bcrypt-pbkdf-1.0.2.tgz",
                  "optional": true,
                  "requires": {
                    "tweetnacl": "^0.14.3"
                  },
                  "dependencies": {
                    "tweetnacl": {
                      "version": "0.14.5",
                      "resolved": "https://registry.npm.taobao.org/tweetnacl/download/tweetnacl-0.14.5.tgz",
                      "optional": true
                    }
                  }
                },
                "dashdash": {
                  "version": "1.14.1",
                  "resolved": "https://registry.npm.taobao.org/dashdash/download/dashdash-1.14.1.tgz",
                  "optional": true,
                  "requires": {
                    "assert-plus": "^1.0.0"
                  },
                  "dependencies": {
                    "assert-plus": {
                      "version": "1.0.0",
                      "resolved": "https://registry.npm.taobao.org/assert-plus/download/assert-plus-1.0.0.tgz",
                      "optional": true
                    }
                  }
                },
                "ecc-jsbn": {
                  "version": "0.1.2",
                  "resolved": "https://registry.npm.taobao.org/ecc-jsbn/download/ecc-jsbn-0.1.2.tgz",
                  "optional": true,
                  "requires": {
                    "jsbn": "~0.1.0",
                    "safer-buffer": "^2.1.0"
                  },
                  "dependencies": {
                    "jsbn": {
                      "version": "0.1.1",
                      "resolved": "https://registry.npm.taobao.org/jsbn/download/jsbn-0.1.1.tgz",
                      "optional": true
                    },
                    "safer-buffer": {
                      "version": "2.1.2",
                      "resolved": "https://registry.npm.taobao.org/safer-buffer/download/safer-buffer-2.1.2.tgz",
                      "optional": true
                    }
                  }
                },
                "getpass": {
                  "version": "0.1.7",
                  "resolved": "https://registry.npm.taobao.org/getpass/download/getpass-0.1.7.tgz",
                  "optional": true,
                  "requires": {
                    "assert-plus": "^1.0.0"
                  },
                  "dependencies": {
                    "assert-plus": {
                      "version": "1.0.0",
                      "resolved": "https://registry.npm.taobao.org/assert-plus/download/assert-plus-1.0.0.tgz",
                      "optional": true
                    }
                  }
                },
                "jsbn": {
                  "version": "0.1.1",
                  "resolved": "https://registry.npm.taobao.org/jsbn/download/jsbn-0.1.1.tgz",
                  "optional": true
                },
                "safer-buffer": {
                  "version": "2.1.2",
                  "resolved": "https://registry.npm.taobao.org/safer-buffer/download/safer-buffer-2.1.2.tgz",
                  "optional": true
                },
                "tweetnacl": {
                  "version": "0.14.5",
                  "resolved": "https://registry.npm.taobao.org/tweetnacl/download/tweetnacl-0.14.5.tgz",
                  "optional": true
                }
              }
            }
          }
        },
        "is-typedarray": {
          "version": "1.0.0",
          "resolved": "https://registry.npm.taobao.org/is-typedarray/download/is-typedarray-1.0.0.tgz",
          "optional": true
        },
        "isstream": {
          "version": "0.1.2",
          "resolved": "https://registry.npm.taobao.org/isstream/download/isstream-0.1.2.tgz",
          "optional": true
        },
        "json-stringify-safe": {
          "version": "5.0.1",
          "resolved": "https://registry.npm.taobao.org/json-stringify-safe/download/json-stringify-safe-5.0.1.tgz",
          "optional": true
        },
        "mime-types": {
          "version": "2.1.24",
          "resolved": "https://registry.npm.taobao.org/mime-types/download/mime-types-2.1.24.tgz",
          "optional": true,
          "requires": {
            "mime-db": "1.40.0"
          },
          "dependencies": {
            "mime-db": {
              "version": "1.40.0",
              "resolved": "https://registry.npm.taobao.org/mime-db/download/mime-db-1.40.0.tgz",
              "optional": true
            }
          }
        },
        "oauth-sign": {
          "version": "0.9.0",
          "resolved": "https://registry.npm.taobao.org/oauth-sign/download/oauth-sign-0.9.0.tgz",
          "optional": true
        },
        "performance-now": {
          "version": "2.1.0",
          "resolved": "https://registry.npm.taobao.org/performance-now/download/performance-now-2.1.0.tgz",
          "optional": true
        },
        "qs": {
          "version": "6.5.2",
          "resolved": "https://registry.npm.taobao.org/qs/download/qs-6.5.2.tgz",
          "optional": true
        },
        "safe-buffer": {
          "version": "5.2.0",
          "resolved": "https://registry.npm.taobao.org/safe-buffer/download/safe-buffer-5.2.0.tgz?cache=0&sync_timestamp=1562377642757&other_urls=https%3A%2F%2Fregistry.npm.taobao.org%2Fsafe-buffer%2Fdownload%2Fsafe-buffer-5.2.0.tgz",
          "optional": true
        },
        "tough-cookie": {
          "version": "2.4.3",
          "resolved": "https://registry.npm.taobao.org/tough-cookie/download/tough-cookie-2.4.3.tgz",
          "optional": true,
          "requires": {
            "psl": "^1.1.24",
            "punycode": "^1.4.1"
          },
          "dependencies": {
            "psl": {
              "version": "1.4.0",
              "resolved": "https://registry.npm.taobao.org/psl/download/psl-1.4.0.tgz",
              "optional": true
            },
            "punycode": {
              "version": "1.4.1",
              "resolved": "https://registry.npm.taobao.org/punycode/download/punycode-1.4.1.tgz",
              "optional": true
            }
          }
        },
        "tunnel-agent": {
          "version": "0.6.0",
          "resolved": "https://registry.npm.taobao.org/tunnel-agent/download/tunnel-agent-0.6.0.tgz",
          "optional": true,
          "requires": {
            "safe-buffer": "^5.0.1"
          },
          "dependencies": {
            "safe-buffer": {
              "version": "5.2.0",
              "resolved": "https://registry.npm.taobao.org/safe-buffer/download/safe-buffer-5.2.0.tgz?cache=0&sync_timestamp=1562377642757&other_urls=https%3A%2F%2Fregistry.npm.taobao.org%2Fsafe-buffer%2Fdownload%2Fsafe-buffer-5.2.0.tgz",
              "optional": true
            }
          }
        },
        "uuid": {
          "version": "3.3.3",
          "resolved": "https://registry.npm.taobao.org/uuid/download/uuid-3.3.3.tgz",
          "optional": true
        }
      }
    },
    "string_decoder": {
      "version": "0.10.31",
      "resolved": "https://registry.npmjs.org/string_decoder/-/string_decoder-0.10.31.tgz",
      "integrity": "sha1-YuIDvEF2bGwoyfyEMB2rHFMQ+pQ="
    },
    "tough-cookie": {
      "version": "2.4.3",
      "resolved": "https://registry.npmjs.org/tough-cookie/-/tough-cookie-2.4.3.tgz",
      "integrity": "sha512-Q5srk/4vDM54WJsJio3XNn6K2sCG+CQ8G5Wz6bZhRZoAe/+TxjWB/GlFAnYEbkYVlON9FMk/fE3h2RLpPXo4lQ==",
      "optional": true,
      "requires": {
        "psl": "^1.1.24",
        "punycode": "^1.4.1"
      },
      "dependencies": {
        "punycode": {
          "version": "1.4.1",
          "resolved": "https://registry.npmjs.org/punycode/-/punycode-1.4.1.tgz",
          "integrity": "sha1-wNWmOycYgArY4esPpSachN1BhF4=",
          "optional": true
        }
      }
    }
  }
}
